PODS:
  - KinBackupRestoreModule (0.0.1):
    - KinSDK (= 0.8.5)
  - KinSDK (0.8.5):
    - KinUtil (= 0.0.16)
    - Sodium (= 0.7.0)
  - KinUtil (0.0.16)
  - Sodium (0.7.0)

DEPENDENCIES:
  - KinBackupRestoreModule (from `./`)
  - KinSDK (from `https://github.com/kinecosystem/kin-sdk-ios.git`)

SPEC REPOS:
  https://github.com/cocoapods/specs.git:
    - KinUtil
    - Sodium

EXTERNAL SOURCES:
  KinBackupRestoreModule:
    :path: "./"
  KinSDK:
    :git: https://github.com/kinecosystem/kin-sdk-ios.git

CHECKOUT OPTIONS:
  KinSDK:
    :commit: d5ed3104d888478e70d4daf2f9683d5439116ac2
    :git: https://github.com/kinecosystem/kin-sdk-ios.git

SPEC CHECKSUMS:
  KinBackupRestoreModule: 0f52179f93036d37a7e1803f35cc9960cf4f7bbc
  KinSDK: 6d021909c1011c2c3c9518d1fbe86334a8e9fafb
  KinUtil: 00442723f29cfa38f2410f9d4dba5a28937ed4ad
  Sodium: c5510cc6f5e1b27858e5f260b5cac80d4a3f9379

PODFILE CHECKSUM: 3fea1c6099ca64bcf4331b5e50ab2353801a40da

COCOAPODS: 1.6.0
