// !$*UTF8*$!
{
	archiveVersion = 1;
	classes = {
	};
	objectVersion = 50;
	objects = {

/* Begin PBXBuildFile section */
		68005A8B2206FFFB004F791A /* KinBackupRestoreModule.framework in Frameworks */ = {isa = PBXBuildFile; fileRef = 68005A812206FFFB004F791A /* KinBackupRestoreModule.framework */; };
		68005A902206FFFB004F791A /* KinBackupRestoreModuleTests.swift in Sources */ = {isa = PBXBuildFile; fileRef = 68005A8F2206FFFB004F791A /* KinBackupRestoreModuleTests.swift */; };
		68005A922206FFFB004F791A /* KinBackupRestoreModule.h in Headers */ = {isa = PBXBuildFile; fileRef = 68005A842206FFFB004F791A /* KinBackupRestoreModule.h */; settings = {ATTRIBUTES = (Public, ); }; };
		6804B129224A08C900208AE0 /* AppDelegate.swift in Sources */ = {isa = PBXBuildFile; fileRef = 6804B128224A08C900208AE0 /* AppDelegate.swift */; };
		6804B12B224A08C900208AE0 /* ViewController.swift in Sources */ = {isa = PBXBuildFile; fileRef = 6804B12A224A08C900208AE0 /* ViewController.swift */; };
		6804B12E224A08C900208AE0 /* Main.storyboard in Resources */ = {isa = PBXBuildFile; fileRef = 6804B12C224A08C900208AE0 /* Main.storyboard */; };
		6804B130224A08CA00208AE0 /* Assets.xcassets in Resources */ = {isa = PBXBuildFile; fileRef = 6804B12F224A08CA00208AE0 /* Assets.xcassets */; };
		6804B133224A08CA00208AE0 /* LaunchScreen.storyboard in Resources */ = {isa = PBXBuildFile; fileRef = 6804B131224A08CA00208AE0 /* LaunchScreen.storyboard */; };
		6804B13B224A145200208AE0 /* QRTests.swift in Sources */ = {isa = PBXBuildFile; fileRef = 6804B13A224A145200208AE0 /* QRTests.swift */; };
		6804B140224A1D9E00208AE0 /* PasswordTests.swift in Sources */ = {isa = PBXBuildFile; fileRef = 6804B13F224A1D9E00208AE0 /* PasswordTests.swift */; };
		6831A13722DCA04E00EC2DDF /* KinBackupRestoreBI.swift in Sources */ = {isa = PBXBuildFile; fileRef = 6831A10722DCA04E00EC2DDF /* KinBackupRestoreBI.swift */; };
		6831A13822DCA04E00EC2DDF /* Assets.xcassets in Resources */ = {isa = PBXBuildFile; fileRef = 6831A10822DCA04E00EC2DDF /* Assets.xcassets */; };
		6831A13922DCA04E00EC2DDF /* KinBackupRestoreError.swift in Sources */ = {isa = PBXBuildFile; fileRef = 6831A10922DCA04E00EC2DDF /* KinBackupRestoreError.swift */; };
		6831A13A22DCA04E00EC2DDF /* Localizable.strings in Resources */ = {isa = PBXBuildFile; fileRef = 6831A10A22DCA04E00EC2DDF /* Localizable.strings */; };
		6831A14022DCA04E00EC2DDF /* Password.swift in Sources */ = {isa = PBXBuildFile; fileRef = 6831A11222DCA04E00EC2DDF /* Password.swift */; };
		6831A14122DCA04E00EC2DDF /* QR.swift in Sources */ = {isa = PBXBuildFile; fileRef = 6831A11322DCA04E00EC2DDF /* QR.swift */; };
		6831A15A22DCA04E00EC2DDF /* LifeCycleProtocol.swift in Sources */ = {isa = PBXBuildFile; fileRef = 6831A13522DCA04E00EC2DDF /* LifeCycleProtocol.swift */; };
		6831A15B22DCA04E00EC2DDF /* KinBackupRestoreManager.swift in Sources */ = {isa = PBXBuildFile; fileRef = 6831A13622DCA04E00EC2DDF /* KinBackupRestoreManager.swift */; };
		6831A2E822DCAC0F00EC2DDF /* KinSDK.framework in Frameworks */ = {isa = PBXBuildFile; fileRef = 6831A2E322DCAC0600EC2DDF /* KinSDK.framework */; };
		6863162122EF0AAD00C71132 /* QRPickerController.swift in Sources */ = {isa = PBXBuildFile; fileRef = 6863160422EF0AAC00C71132 /* QRPickerController.swift */; };
		6863162222EF0AAD00C71132 /* QRView.swift in Sources */ = {isa = PBXBuildFile; fileRef = 6863160522EF0AAC00C71132 /* QRView.swift */; };
		6863162322EF0AAD00C71132 /* QRViewController.swift in Sources */ = {isa = PBXBuildFile; fileRef = 6863160622EF0AAC00C71132 /* QRViewController.swift */; };
		6863162422EF0AAD00C71132 /* PasswordLabel.swift in Sources */ = {isa = PBXBuildFile; fileRef = 6863160722EF0AAC00C71132 /* PasswordLabel.swift */; };
		6863162522EF0AAD00C71132 /* RoundButton.swift in Sources */ = {isa = PBXBuildFile; fileRef = 6863160922EF0AAD00C71132 /* RoundButton.swift */; };
		6863162622EF0AAD00C71132 /* ConfirmButton.swift in Sources */ = {isa = PBXBuildFile; fileRef = 6863160A22EF0AAD00C71132 /* ConfirmButton.swift */; };
		6863162722EF0AAD00C71132 /* RestoreView.swift in Sources */ = {isa = PBXBuildFile; fileRef = 6863160C22EF0AAD00C71132 /* RestoreView.swift */; };
		6863162822EF0AAD00C71132 /* RestoreViewController.swift in Sources */ = {isa = PBXBuildFile; fileRef = 6863160D22EF0AAD00C71132 /* RestoreViewController.swift */; };
		6863162922EF0AAD00C71132 /* BackupCompletedViewController.swift in Sources */ = {isa = PBXBuildFile; fileRef = 6863160E22EF0AAD00C71132 /* BackupCompletedViewController.swift */; };
		6863162A22EF0AAD00C71132 /* BackupFlowController.swift in Sources */ = {isa = PBXBuildFile; fileRef = 6863161022EF0AAD00C71132 /* BackupFlowController.swift */; };
		6863162B22EF0AAD00C71132 /* RestoreFlowController.swift in Sources */ = {isa = PBXBuildFile; fileRef = 6863161122EF0AAD00C71132 /* RestoreFlowController.swift */; };
		6863162C22EF0AAD00C71132 /* FlowController.swift in Sources */ = {isa = PBXBuildFile; fileRef = 6863161222EF0AAD00C71132 /* FlowController.swift */; };
		6863162D22EF0AAD00C71132 /* KeyboardAdjustingScrollView.swift in Sources */ = {isa = PBXBuildFile; fileRef = 6863161322EF0AAD00C71132 /* KeyboardAdjustingScrollView.swift */; };
		6863162E22EF0AAD00C71132 /* PasswordTextField.swift in Sources */ = {isa = PBXBuildFile; fileRef = 6863161422EF0AAD00C71132 /* PasswordTextField.swift */; };
		6863162F22EF0AAD00C71132 /* PasswordEntryView.swift in Sources */ = {isa = PBXBuildFile; fileRef = 6863161622EF0AAD00C71132 /* PasswordEntryView.swift */; };
		6863163022EF0AAD00C71132 /* PasswordEntryViewController.swift in Sources */ = {isa = PBXBuildFile; fileRef = 6863161722EF0AAD00C71132 /* PasswordEntryViewController.swift */; };
		6863163122EF0AAD00C71132 /* CheckboxImageView.swift in Sources */ = {isa = PBXBuildFile; fileRef = 6863161822EF0AAD00C71132 /* CheckboxImageView.swift */; };
		6863163222EF0AAD00C71132 /* Animations.swift in Sources */ = {isa = PBXBuildFile; fileRef = 6863161922EF0AAD00C71132 /* Animations.swift */; };
		6863163322EF0AAD00C71132 /* KinViewController.swift in Sources */ = {isa = PBXBuildFile; fileRef = 6863161A22EF0AAD00C71132 /* KinViewController.swift */; };
		6863163422EF0AAD00C71132 /* ExplanationTemplateViewController.swift in Sources */ = {isa = PBXBuildFile; fileRef = 6863161C22EF0AAD00C71132 /* ExplanationTemplateViewController.swift */; };
		6863163522EF0AAD00C71132 /* ExplanationTemplateView.swift in Sources */ = {isa = PBXBuildFile; fileRef = 6863161D22EF0AAD00C71132 /* ExplanationTemplateView.swift */; };
		6863163622EF0AAD00C71132 /* BackupIntroViewController.swift in Sources */ = {isa = PBXBuildFile; fileRef = 6863161F22EF0AAD00C71132 /* BackupIntroViewController.swift */; };
		6863163722EF0AAD00C71132 /* RestoreIntroViewController.swift in Sources */ = {isa = PBXBuildFile; fileRef = 6863162022EF0AAD00C71132 /* RestoreIntroViewController.swift */; };
		6863163922EF0AC900C71132 /* Appearance.swift in Sources */ = {isa = PBXBuildFile; fileRef = 6863163822EF0AC900C71132 /* Appearance.swift */; };
		6863164122EF0AE100C71132 /* Notification+Convenience.swift in Sources */ = {isa = PBXBuildFile; fileRef = 6863163A22EF0AE100C71132 /* Notification+Convenience.swift */; };
		6863164222EF0AE100C71132 /* Bundle+BackupRestore.swift in Sources */ = {isa = PBXBuildFile; fileRef = 6863163B22EF0AE100C71132 /* Bundle+BackupRestore.swift */; };
		6863164322EF0AE100C71132 /* CGGeometry+Appearance.swift in Sources */ = {isa = PBXBuildFile; fileRef = 6863163C22EF0AE100C71132 /* CGGeometry+Appearance.swift */; };
		6863164422EF0AE100C71132 /* NSAttributedString+AttributedStrings.swift in Sources */ = {isa = PBXBuildFile; fileRef = 6863163D22EF0AE100C71132 /* NSAttributedString+AttributedStrings.swift */; };
		6863164522EF0AE100C71132 /* String+Localization.swift in Sources */ = {isa = PBXBuildFile; fileRef = 6863163E22EF0AE100C71132 /* String+Localization.swift */; };
		6863164622EF0AE100C71132 /* UIColor+Appearance.swift in Sources */ = {isa = PBXBuildFile; fileRef = 6863163F22EF0AE100C71132 /* UIColor+Appearance.swift */; };
		6863164722EF0AE100C71132 /* UIFont+PreferredFont.swift in Sources */ = {isa = PBXBuildFile; fileRef = 6863164022EF0AE100C71132 /* UIFont+PreferredFont.swift */; };
/* End PBXBuildFile section */

/* Begin PBXContainerItemProxy section */
		68005A8C2206FFFB004F791A /* PBXContainerItemProxy */ = {
			isa = PBXContainerItemProxy;
			containerPortal = 68005A782206FFFB004F791A /* Project object */;
			proxyType = 1;
			remoteGlobalIDString = 68005A802206FFFB004F791A;
			remoteInfo = KinBackupRestoreModule;
		};
		6804B138224A08D200208AE0 /* PBXContainerItemProxy */ = {
			isa = PBXContainerItemProxy;
			containerPortal = 68005A782206FFFB004F791A /* Project object */;
			proxyType = 1;
			remoteGlobalIDString = 6804B125224A08C900208AE0;
			remoteInfo = KinBackupRestoreModuleTestsHost;
		};
		6831A2E222DCAC0600EC2DDF /* PBXContainerItemProxy */ = {
			isa = PBXContainerItemProxy;
			containerPortal = 6831A2DA22DCAC0600EC2DDF /* KinSDK.xcodeproj */;
			proxyType = 2;
			remoteGlobalIDString = 68AF916322A90C6A008C01EC;
			remoteInfo = KinSDK;
		};
		6831A2E422DCAC0600EC2DDF /* PBXContainerItemProxy */ = {
			isa = PBXContainerItemProxy;
			containerPortal = 6831A2DA22DCAC0600EC2DDF /* KinSDK.xcodeproj */;
			proxyType = 2;
			remoteGlobalIDString = 68AF916C22A90C6A008C01EC;
			remoteInfo = KinSDKTests;
		};
		6831A2E622DCAC0600EC2DDF /* PBXContainerItemProxy */ = {
			isa = PBXContainerItemProxy;
			containerPortal = 6831A2DA22DCAC0600EC2DDF /* KinSDK.xcodeproj */;
			proxyType = 2;
			remoteGlobalIDString = 68AF930D22A92DCF008C01EC;
			remoteInfo = KinSDKTestsHost;
		};
/* End PBXContainerItemProxy section */

/* Begin PBXFileReference section */
		68005A812206FFFB004F791A /* KinBackupRestoreModule.framework */ = {isa = PBXFileReference; explicitFileType = wrapper.framework; includeInIndex = 0; path = KinBackupRestoreModule.framework; sourceTree = BUILT_PRODUCTS_DIR; };
		68005A842206FFFB004F791A /* KinBackupRestoreModule.h */ = {isa = PBXFileReference; lastKnownFileType = sourcecode.c.h; path = KinBackupRestoreModule.h; sourceTree = "<group>"; };
		68005A852206FFFB004F791A /* Info.plist */ = {isa = PBXFileReference; lastKnownFileType = text.plist.xml; path = Info.plist; sourceTree = "<group>"; };
		68005A8A2206FFFB004F791A /* KinBackupRestoreModuleTests.xctest */ = {isa = PBXFileReference; explicitFileType = wrapper.cfbundle; includeInIndex = 0; path = KinBackupRestoreModuleTests.xctest; sourceTree = BUILT_PRODUCTS_DIR; };
		68005A8F2206FFFB004F791A /* KinBackupRestoreModuleTests.swift */ = {isa = PBXFileReference; lastKnownFileType = sourcecode.swift; path = KinBackupRestoreModuleTests.swift; sourceTree = "<group>"; };
		68005A912206FFFB004F791A /* Info.plist */ = {isa = PBXFileReference; lastKnownFileType = text.plist.xml; path = Info.plist; sourceTree = "<group>"; };
		6804B126224A08C900208AE0 /* KinBackupRestoreModuleTestsHost.app */ = {isa = PBXFileReference; explicitFileType = wrapper.application; includeInIndex = 0; path = KinBackupRestoreModuleTestsHost.app; sourceTree = BUILT_PRODUCTS_DIR; };
		6804B128224A08C900208AE0 /* AppDelegate.swift */ = {isa = PBXFileReference; lastKnownFileType = sourcecode.swift; path = AppDelegate.swift; sourceTree = "<group>"; };
		6804B12A224A08C900208AE0 /* ViewController.swift */ = {isa = PBXFileReference; lastKnownFileType = sourcecode.swift; path = ViewController.swift; sourceTree = "<group>"; };
		6804B12D224A08C900208AE0 /* Base */ = {isa = PBXFileReference; lastKnownFileType = file.storyboard; name = Base; path = Base.lproj/Main.storyboard; sourceTree = "<group>"; };
		6804B12F224A08CA00208AE0 /* Assets.xcassets */ = {isa = PBXFileReference; lastKnownFileType = folder.assetcatalog; path = Assets.xcassets; sourceTree = "<group>"; };
		6804B132224A08CA00208AE0 /* Base */ = {isa = PBXFileReference; lastKnownFileType = file.storyboard; name = Base; path = Base.lproj/LaunchScreen.storyboard; sourceTree = "<group>"; };
		6804B134224A08CA00208AE0 /* Info.plist */ = {isa = PBXFileReference; lastKnownFileType = text.plist.xml; path = Info.plist; sourceTree = "<group>"; };
		6804B13A224A145200208AE0 /* QRTests.swift */ = {isa = PBXFileReference; lastKnownFileType = sourcecode.swift; path = QRTests.swift; sourceTree = "<group>"; };
		6804B13F224A1D9E00208AE0 /* PasswordTests.swift */ = {isa = PBXFileReference; lastKnownFileType = sourcecode.swift; path = PasswordTests.swift; sourceTree = "<group>"; };
		68319EE622DC978500EC2DDF /* KinSDK.framework */ = {isa = PBXFileReference; explicitFileType = wrapper.framework; path = KinSDK.framework; sourceTree = BUILT_PRODUCTS_DIR; };
		6831A10722DCA04E00EC2DDF /* KinBackupRestoreBI.swift */ = {isa = PBXFileReference; fileEncoding = 4; lastKnownFileType = sourcecode.swift; path = KinBackupRestoreBI.swift; sourceTree = "<group>"; };
		6831A10822DCA04E00EC2DDF /* Assets.xcassets */ = {isa = PBXFileReference; lastKnownFileType = folder.assetcatalog; path = Assets.xcassets; sourceTree = "<group>"; };
		6831A10922DCA04E00EC2DDF /* KinBackupRestoreError.swift */ = {isa = PBXFileReference; fileEncoding = 4; lastKnownFileType = sourcecode.swift; path = KinBackupRestoreError.swift; sourceTree = "<group>"; };
		6831A10A22DCA04E00EC2DDF /* Localizable.strings */ = {isa = PBXFileReference; fileEncoding = 4; lastKnownFileType = text.plist.strings; path = Localizable.strings; sourceTree = "<group>"; };
		6831A11222DCA04E00EC2DDF /* Password.swift */ = {isa = PBXFileReference; fileEncoding = 4; lastKnownFileType = sourcecode.swift; path = Password.swift; sourceTree = "<group>"; };
		6831A11322DCA04E00EC2DDF /* QR.swift */ = {isa = PBXFileReference; fileEncoding = 4; lastKnownFileType = sourcecode.swift; path = QR.swift; sourceTree = "<group>"; };
		6831A13522DCA04E00EC2DDF /* LifeCycleProtocol.swift */ = {isa = PBXFileReference; fileEncoding = 4; lastKnownFileType = sourcecode.swift; path = LifeCycleProtocol.swift; sourceTree = "<group>"; };
		6831A13622DCA04E00EC2DDF /* KinBackupRestoreManager.swift */ = {isa = PBXFileReference; fileEncoding = 4; lastKnownFileType = sourcecode.swift; path = KinBackupRestoreManager.swift; sourceTree = "<group>"; };
		6831A2DA22DCAC0600EC2DDF /* KinSDK.xcodeproj */ = {isa = PBXFileReference; lastKnownFileType = "wrapper.pb-project"; name = KinSDK.xcodeproj; path = "kin-sdk-ios/KinSDK.xcodeproj"; sourceTree = "<group>"; };
		6863160422EF0AAC00C71132 /* QRPickerController.swift */ = {isa = PBXFileReference; fileEncoding = 4; lastKnownFileType = sourcecode.swift; path = QRPickerController.swift; sourceTree = "<group>"; };
		6863160522EF0AAC00C71132 /* QRView.swift */ = {isa = PBXFileReference; fileEncoding = 4; lastKnownFileType = sourcecode.swift; path = QRView.swift; sourceTree = "<group>"; };
		6863160622EF0AAC00C71132 /* QRViewController.swift */ = {isa = PBXFileReference; fileEncoding = 4; lastKnownFileType = sourcecode.swift; path = QRViewController.swift; sourceTree = "<group>"; };
		6863160722EF0AAC00C71132 /* PasswordLabel.swift */ = {isa = PBXFileReference; fileEncoding = 4; lastKnownFileType = sourcecode.swift; path = PasswordLabel.swift; sourceTree = "<group>"; };
		6863160922EF0AAD00C71132 /* RoundButton.swift */ = {isa = PBXFileReference; fileEncoding = 4; lastKnownFileType = sourcecode.swift; path = RoundButton.swift; sourceTree = "<group>"; };
		6863160A22EF0AAD00C71132 /* ConfirmButton.swift */ = {isa = PBXFileReference; fileEncoding = 4; lastKnownFileType = sourcecode.swift; path = ConfirmButton.swift; sourceTree = "<group>"; };
		6863160C22EF0AAD00C71132 /* RestoreView.swift */ = {isa = PBXFileReference; fileEncoding = 4; lastKnownFileType = sourcecode.swift; path = RestoreView.swift; sourceTree = "<group>"; };
		6863160D22EF0AAD00C71132 /* RestoreViewController.swift */ = {isa = PBXFileReference; fileEncoding = 4; lastKnownFileType = sourcecode.swift; path = RestoreViewController.swift; sourceTree = "<group>"; };
		6863160E22EF0AAD00C71132 /* BackupCompletedViewController.swift */ = {isa = PBXFileReference; fileEncoding = 4; lastKnownFileType = sourcecode.swift; path = BackupCompletedViewController.swift; sourceTree = "<group>"; };
		6863161022EF0AAD00C71132 /* BackupFlowController.swift */ = {isa = PBXFileReference; fileEncoding = 4; lastKnownFileType = sourcecode.swift; path = BackupFlowController.swift; sourceTree = "<group>"; };
		6863161122EF0AAD00C71132 /* RestoreFlowController.swift */ = {isa = PBXFileReference; fileEncoding = 4; lastKnownFileType = sourcecode.swift; path = RestoreFlowController.swift; sourceTree = "<group>"; };
		6863161222EF0AAD00C71132 /* FlowController.swift */ = {isa = PBXFileReference; fileEncoding = 4; lastKnownFileType = sourcecode.swift; path = FlowController.swift; sourceTree = "<group>"; };
		6863161322EF0AAD00C71132 /* KeyboardAdjustingScrollView.swift */ = {isa = PBXFileReference; fileEncoding = 4; lastKnownFileType = sourcecode.swift; path = KeyboardAdjustingScrollView.swift; sourceTree = "<group>"; };
		6863161422EF0AAD00C71132 /* PasswordTextField.swift */ = {isa = PBXFileReference; fileEncoding = 4; lastKnownFileType = sourcecode.swift; path = PasswordTextField.swift; sourceTree = "<group>"; };
		6863161622EF0AAD00C71132 /* PasswordEntryView.swift */ = {isa = PBXFileReference; fileEncoding = 4; lastKnownFileType = sourcecode.swift; path = PasswordEntryView.swift; sourceTree = "<group>"; };
		6863161722EF0AAD00C71132 /* PasswordEntryViewController.swift */ = {isa = PBXFileReference; fileEncoding = 4; lastKnownFileType = sourcecode.swift; path = PasswordEntryViewController.swift; sourceTree = "<group>"; };
		6863161822EF0AAD00C71132 /* CheckboxImageView.swift */ = {isa = PBXFileReference; fileEncoding = 4; lastKnownFileType = sourcecode.swift; path = CheckboxImageView.swift; sourceTree = "<group>"; };
		6863161922EF0AAD00C71132 /* Animations.swift */ = {isa = PBXFileReference; fileEncoding = 4; lastKnownFileType = sourcecode.swift; path = Animations.swift; sourceTree = "<group>"; };
		6863161A22EF0AAD00C71132 /* KinViewController.swift */ = {isa = PBXFileReference; fileEncoding = 4; lastKnownFileType = sourcecode.swift; path = KinViewController.swift; sourceTree = "<group>"; };
		6863161C22EF0AAD00C71132 /* ExplanationTemplateViewController.swift */ = {isa = PBXFileReference; fileEncoding = 4; lastKnownFileType = sourcecode.swift; path = ExplanationTemplateViewController.swift; sourceTree = "<group>"; };
		6863161D22EF0AAD00C71132 /* ExplanationTemplateView.swift */ = {isa = PBXFileReference; fileEncoding = 4; lastKnownFileType = sourcecode.swift; path = ExplanationTemplateView.swift; sourceTree = "<group>"; };
		6863161F22EF0AAD00C71132 /* BackupIntroViewController.swift */ = {isa = PBXFileReference; fileEncoding = 4; lastKnownFileType = sourcecode.swift; path = BackupIntroViewController.swift; sourceTree = "<group>"; };
		6863162022EF0AAD00C71132 /* RestoreIntroViewController.swift */ = {isa = PBXFileReference; fileEncoding = 4; lastKnownFileType = sourcecode.swift; path = RestoreIntroViewController.swift; sourceTree = "<group>"; };
		6863163822EF0AC900C71132 /* Appearance.swift */ = {isa = PBXFileReference; fileEncoding = 4; lastKnownFileType = sourcecode.swift; path = Appearance.swift; sourceTree = "<group>"; };
		6863163A22EF0AE100C71132 /* Notification+Convenience.swift */ = {isa = PBXFileReference; fileEncoding = 4; lastKnownFileType = sourcecode.swift; path = "Notification+Convenience.swift"; sourceTree = "<group>"; };
		6863163B22EF0AE100C71132 /* Bundle+BackupRestore.swift */ = {isa = PBXFileReference; fileEncoding = 4; lastKnownFileType = sourcecode.swift; path = "Bundle+BackupRestore.swift"; sourceTree = "<group>"; };
		6863163C22EF0AE100C71132 /* CGGeometry+Appearance.swift */ = {isa = PBXFileReference; fileEncoding = 4; lastKnownFileType = sourcecode.swift; path = "CGGeometry+Appearance.swift"; sourceTree = "<group>"; };
		6863163D22EF0AE100C71132 /* NSAttributedString+AttributedStrings.swift */ = {isa = PBXFileReference; fileEncoding = 4; lastKnownFileType = sourcecode.swift; path = "NSAttributedString+AttributedStrings.swift"; sourceTree = "<group>"; };
		6863163E22EF0AE100C71132 /* String+Localization.swift */ = {isa = PBXFileReference; fileEncoding = 4; lastKnownFileType = sourcecode.swift; path = "String+Localization.swift"; sourceTree = "<group>"; };
		6863163F22EF0AE100C71132 /* UIColor+Appearance.swift */ = {isa = PBXFileReference; fileEncoding = 4; lastKnownFileType = sourcecode.swift; path = "UIColor+Appearance.swift"; sourceTree = "<group>"; };
		6863164022EF0AE100C71132 /* UIFont+PreferredFont.swift */ = {isa = PBXFileReference; fileEncoding = 4; lastKnownFileType = sourcecode.swift; path = "UIFont+PreferredFont.swift"; sourceTree = "<group>"; };
/* End PBXFileReference section */

/* Begin PBXFrameworksBuildPhase section */
		68005A7E2206FFFB004F791A /* Frameworks */ = {
			isa = PBXFrameworksBuildPhase;
			buildActionMask = 2147483647;
			files = (
				6831A2E822DCAC0F00EC2DDF /* KinSDK.framework in Frameworks */,
			);
			runOnlyForDeploymentPostprocessing = 0;
		};
		68005A872206FFFB004F791A /* Frameworks */ = {
			isa = PBXFrameworksBuildPhase;
			buildActionMask = 2147483647;
			files = (
				68005A8B2206FFFB004F791A /* KinBackupRestoreModule.framework in Frameworks */,
			);
			runOnlyForDeploymentPostprocessing = 0;
		};
		6804B123224A08C900208AE0 /* Frameworks */ = {
			isa = PBXFrameworksBuildPhase;
			buildActionMask = 2147483647;
			files = (
			);
			runOnlyForDeploymentPostprocessing = 0;
		};
/* End PBXFrameworksBuildPhase section */

/* Begin PBXGroup section */
		3BA09020C8C3976223931D4C /* Frameworks */ = {
			isa = PBXGroup;
			children = (
				68319EE622DC978500EC2DDF /* KinSDK.framework */,
			);
			name = Frameworks;
			sourceTree = "<group>";
		};
		68005A772206FFFB004F791A = {
			isa = PBXGroup;
			children = (
				68005A832206FFFB004F791A /* KinBackupRestoreModule */,
				68005A8E2206FFFB004F791A /* KinBackupRestoreModuleTests */,
				6804B127224A08C900208AE0 /* KinBackupRestoreModuleTestsHost */,
				68005A822206FFFB004F791A /* Products */,
				3BA09020C8C3976223931D4C /* Frameworks */,
			);
			sourceTree = "<group>";
		};
		68005A822206FFFB004F791A /* Products */ = {
			isa = PBXGroup;
			children = (
				68005A812206FFFB004F791A /* KinBackupRestoreModule.framework */,
				68005A8A2206FFFB004F791A /* KinBackupRestoreModuleTests.xctest */,
				6804B126224A08C900208AE0 /* KinBackupRestoreModuleTestsHost.app */,
			);
			name = Products;
			sourceTree = "<group>";
		};
		68005A832206FFFB004F791A /* KinBackupRestoreModule */ = {
			isa = PBXGroup;
			children = (
				6831A15C22DCA05500EC2DDF /* Dependencies */,
				68005A852206FFFB004F791A /* Info.plist */,
				6831A10622DCA04E00EC2DDF /* KinBackupRestoreModule */,
				68005A842206FFFB004F791A /* KinBackupRestoreModule.h */,
			);
			path = KinBackupRestoreModule;
			sourceTree = "<group>";
		};
		68005A8E2206FFFB004F791A /* KinBackupRestoreModuleTests */ = {
			isa = PBXGroup;
			children = (
				68005A8F2206FFFB004F791A /* KinBackupRestoreModuleTests.swift */,
				6804B13F224A1D9E00208AE0 /* PasswordTests.swift */,
				6804B13A224A145200208AE0 /* QRTests.swift */,
				68005A912206FFFB004F791A /* Info.plist */,
			);
			path = KinBackupRestoreModuleTests;
			sourceTree = "<group>";
		};
		6804B127224A08C900208AE0 /* KinBackupRestoreModuleTestsHost */ = {
			isa = PBXGroup;
			children = (
				6804B128224A08C900208AE0 /* AppDelegate.swift */,
				6804B12A224A08C900208AE0 /* ViewController.swift */,
				6804B12C224A08C900208AE0 /* Main.storyboard */,
				6804B12F224A08CA00208AE0 /* Assets.xcassets */,
				6804B131224A08CA00208AE0 /* LaunchScreen.storyboard */,
				6804B134224A08CA00208AE0 /* Info.plist */,
			);
			path = KinBackupRestoreModuleTestsHost;
			sourceTree = "<group>";
		};
		6831A10622DCA04E00EC2DDF /* KinBackupRestoreModule */ = {
			isa = PBXGroup;
			children = (
				6831A10722DCA04E00EC2DDF /* KinBackupRestoreBI.swift */,
				6831A10822DCA04E00EC2DDF /* Assets.xcassets */,
				6831A10922DCA04E00EC2DDF /* KinBackupRestoreError.swift */,
				6831A10A22DCA04E00EC2DDF /* Localizable.strings */,
				6831A10B22DCA04E00EC2DDF /* Extensions */,
				6831A11122DCA04E00EC2DDF /* Utilities */,
				6831A11422DCA04E00EC2DDF /* Views */,
				6831A13422DCA04E00EC2DDF /* Protocols */,
				6831A13622DCA04E00EC2DDF /* KinBackupRestoreManager.swift */,
			);
			path = KinBackupRestoreModule;
			sourceTree = "<group>";
		};
		6831A10B22DCA04E00EC2DDF /* Extensions */ = {
			isa = PBXGroup;
			children = (
				6863163B22EF0AE100C71132 /* Bundle+BackupRestore.swift */,
				6863163C22EF0AE100C71132 /* CGGeometry+Appearance.swift */,
				6863163A22EF0AE100C71132 /* Notification+Convenience.swift */,
				6863163D22EF0AE100C71132 /* NSAttributedString+AttributedStrings.swift */,
				6863163E22EF0AE100C71132 /* String+Localization.swift */,
				6863163F22EF0AE100C71132 /* UIColor+Appearance.swift */,
				6863164022EF0AE100C71132 /* UIFont+PreferredFont.swift */,
			);
			path = Extensions;
			sourceTree = "<group>";
		};
		6831A11122DCA04E00EC2DDF /* Utilities */ = {
			isa = PBXGroup;
			children = (
				6863163822EF0AC900C71132 /* Appearance.swift */,
				6831A11222DCA04E00EC2DDF /* Password.swift */,
				6831A11322DCA04E00EC2DDF /* QR.swift */,
			);
			path = Utilities;
			sourceTree = "<group>";
		};
		6831A11422DCA04E00EC2DDF /* Views */ = {
			isa = PBXGroup;
			children = (
				6863161922EF0AAD00C71132 /* Animations.swift */,
				6863160E22EF0AAD00C71132 /* BackupCompletedViewController.swift */,
				6863160822EF0AAD00C71132 /* Button */,
				6863161822EF0AAD00C71132 /* CheckboxImageView.swift */,
				6863161B22EF0AAD00C71132 /* ExplanationTemplate */,
				6863160F22EF0AAD00C71132 /* FlowController */,
				6863161E22EF0AAD00C71132 /* IntroViewController */,
				6863161322EF0AAD00C71132 /* KeyboardAdjustingScrollView.swift */,
				6863161A22EF0AAD00C71132 /* KinViewController.swift */,
				6863161522EF0AAD00C71132 /* PasswordEntry */,
				6863160722EF0AAC00C71132 /* PasswordLabel.swift */,
				6863161422EF0AAD00C71132 /* PasswordTextField.swift */,
				6863160322EF0AAC00C71132 /* QR */,
				6863160B22EF0AAD00C71132 /* Restore */,
			);
			path = Views;
			sourceTree = "<group>";
		};
		6831A13422DCA04E00EC2DDF /* Protocols */ = {
			isa = PBXGroup;
			children = (
				6831A13522DCA04E00EC2DDF /* LifeCycleProtocol.swift */,
			);
			path = Protocols;
			sourceTree = "<group>";
		};
		6831A15C22DCA05500EC2DDF /* Dependencies */ = {
			isa = PBXGroup;
			children = (
				6831A2DA22DCAC0600EC2DDF /* KinSDK.xcodeproj */,
			);
			path = Dependencies;
			sourceTree = "<group>";
		};
		6831A2DB22DCAC0600EC2DDF /* Products */ = {
			isa = PBXGroup;
			children = (
				6831A2E322DCAC0600EC2DDF /* KinSDK.framework */,
				6831A2E522DCAC0600EC2DDF /* KinSDKTests.xctest */,
				6831A2E722DCAC0600EC2DDF /* KinSDKTestsHost.app */,
			);
			name = Products;
			sourceTree = "<group>";
		};
		6863160322EF0AAC00C71132 /* QR */ = {
			isa = PBXGroup;
			children = (
				6863160422EF0AAC00C71132 /* QRPickerController.swift */,
				6863160522EF0AAC00C71132 /* QRView.swift */,
				6863160622EF0AAC00C71132 /* QRViewController.swift */,
			);
			path = QR;
			sourceTree = "<group>";
		};
		6863160822EF0AAD00C71132 /* Button */ = {
			isa = PBXGroup;
			children = (
				6863160922EF0AAD00C71132 /* RoundButton.swift */,
				6863160A22EF0AAD00C71132 /* ConfirmButton.swift */,
			);
			path = Button;
			sourceTree = "<group>";
		};
		6863160B22EF0AAD00C71132 /* Restore */ = {
			isa = PBXGroup;
			children = (
				6863160C22EF0AAD00C71132 /* RestoreView.swift */,
				6863160D22EF0AAD00C71132 /* RestoreViewController.swift */,
			);
			path = Restore;
			sourceTree = "<group>";
		};
		6863160F22EF0AAD00C71132 /* FlowController */ = {
			isa = PBXGroup;
			children = (
				6863161022EF0AAD00C71132 /* BackupFlowController.swift */,
				6863161122EF0AAD00C71132 /* RestoreFlowController.swift */,
				6863161222EF0AAD00C71132 /* FlowController.swift */,
			);
			path = FlowController;
			sourceTree = "<group>";
		};
		6863161522EF0AAD00C71132 /* PasswordEntry */ = {
			isa = PBXGroup;
			children = (
				6863161622EF0AAD00C71132 /* PasswordEntryView.swift */,
				6863161722EF0AAD00C71132 /* PasswordEntryViewController.swift */,
			);
			path = PasswordEntry;
			sourceTree = "<group>";
		};
		6863161B22EF0AAD00C71132 /* ExplanationTemplate */ = {
			isa = PBXGroup;
			children = (
				6863161C22EF0AAD00C71132 /* ExplanationTemplateViewController.swift */,
				6863161D22EF0AAD00C71132 /* ExplanationTemplateView.swift */,
			);
			path = ExplanationTemplate;
			sourceTree = "<group>";
		};
		6863161E22EF0AAD00C71132 /* IntroViewController */ = {
			isa = PBXGroup;
			children = (
				6863161F22EF0AAD00C71132 /* BackupIntroViewController.swift */,
				6863162022EF0AAD00C71132 /* RestoreIntroViewController.swift */,
			);
			path = IntroViewController;
			sourceTree = "<group>";
		};
/* End PBXGroup section */

/* Begin PBXHeadersBuildPhase section */
		68005A7C2206FFFB004F791A /* Headers */ = {
			isa = PBXHeadersBuildPhase;
			buildActionMask = 2147483647;
			files = (
				68005A922206FFFB004F791A /* KinBackupRestoreModule.h in Headers */,
			);
			runOnlyForDeploymentPostprocessing = 0;
		};
/* End PBXHeadersBuildPhase section */

/* Begin PBXNativeTarget section */
		68005A802206FFFB004F791A /* KinBackupRestoreModule */ = {
			isa = PBXNativeTarget;
			buildConfigurationList = 68005A952206FFFB004F791A /* Build configuration list for PBXNativeTarget "KinBackupRestoreModule" */;
			buildPhases = (
				68005A7C2206FFFB004F791A /* Headers */,
				68005A7D2206FFFB004F791A /* Sources */,
				68005A7E2206FFFB004F791A /* Frameworks */,
				68005A7F2206FFFB004F791A /* Resources */,
			);
			buildRules = (
			);
			dependencies = (
			);
			name = KinBackupRestoreModule;
			productName = KinBackupRestoreModule;
			productReference = 68005A812206FFFB004F791A /* KinBackupRestoreModule.framework */;
			productType = "com.apple.product-type.framework";
		};
		68005A892206FFFB004F791A /* KinBackupRestoreModuleTests */ = {
			isa = PBXNativeTarget;
			buildConfigurationList = 68005A982206FFFB004F791A /* Build configuration list for PBXNativeTarget "KinBackupRestoreModuleTests" */;
			buildPhases = (
				7D5FDAF395D35D82CED5D91F /* [CP] Check Pods Manifest.lock */,
				68005A862206FFFB004F791A /* Sources */,
				68005A872206FFFB004F791A /* Frameworks */,
				68005A882206FFFB004F791A /* Resources */,
				711AD00C3A256C8895621402 /* [CP] Embed Pods Frameworks */,
			);
			buildRules = (
			);
			dependencies = (
				68005A8D2206FFFB004F791A /* PBXTargetDependency */,
				6804B139224A08D200208AE0 /* PBXTargetDependency */,
			);
			name = KinBackupRestoreModuleTests;
			productName = KinBackupRestoreModuleTests;
			productReference = 68005A8A2206FFFB004F791A /* KinBackupRestoreModuleTests.xctest */;
			productType = "com.apple.product-type.bundle.unit-test";
		};
		6804B125224A08C900208AE0 /* KinBackupRestoreModuleTestsHost */ = {
			isa = PBXNativeTarget;
			buildConfigurationList = 6804B135224A08CA00208AE0 /* Build configuration list for PBXNativeTarget "KinBackupRestoreModuleTestsHost" */;
			buildPhases = (
				6804B122224A08C900208AE0 /* Sources */,
				6804B123224A08C900208AE0 /* Frameworks */,
				6804B124224A08C900208AE0 /* Resources */,
			);
			buildRules = (
			);
			dependencies = (
			);
			name = KinBackupRestoreModuleTestsHost;
			productName = KinBackupRestoreModuleTestsHost;
			productReference = 6804B126224A08C900208AE0 /* KinBackupRestoreModuleTestsHost.app */;
			productType = "com.apple.product-type.application";
		};
/* End PBXNativeTarget section */

/* Begin PBXProject section */
		68005A782206FFFB004F791A /* Project object */ = {
			isa = PBXProject;
			attributes = {
				LastSwiftUpdateCheck = 1010;
				LastUpgradeCheck = 1010;
				ORGANIZATIONNAME = "Kin Foundation";
				TargetAttributes = {
					68005A802206FFFB004F791A = {
						CreatedOnToolsVersion = 10.1;
						LastSwiftMigration = 1010;
					};
					68005A892206FFFB004F791A = {
						CreatedOnToolsVersion = 10.1;
						TestTargetID = 6804B125224A08C900208AE0;
					};
					6804B125224A08C900208AE0 = {
						CreatedOnToolsVersion = 10.1;
					};
				};
			};
			buildConfigurationList = 68005A7B2206FFFB004F791A /* Build configuration list for PBXProject "KinBackupRestoreModule" */;
			compatibilityVersion = "Xcode 9.3";
			developmentRegion = en;
			hasScannedForEncodings = 0;
			knownRegions = (
				en,
				Base,
			);
			mainGroup = 68005A772206FFFB004F791A;
			productRefGroup = 68005A822206FFFB004F791A /* Products */;
			projectDirPath = "";
			projectReferences = (
				{
					ProductGroup = 6831A2DB22DCAC0600EC2DDF /* Products */;
					ProjectRef = 6831A2DA22DCAC0600EC2DDF /* KinSDK.xcodeproj */;
				},
			);
			projectRoot = "";
			targets = (
				68005A802206FFFB004F791A /* KinBackupRestoreModule */,
				68005A892206FFFB004F791A /* KinBackupRestoreModuleTests */,
				6804B125224A08C900208AE0 /* KinBackupRestoreModuleTestsHost */,
			);
		};
/* End PBXProject section */

/* Begin PBXReferenceProxy section */
		6831A2E322DCAC0600EC2DDF /* KinSDK.framework */ = {
			isa = PBXReferenceProxy;
			fileType = wrapper.framework;
			path = KinSDK.framework;
			remoteRef = 6831A2E222DCAC0600EC2DDF /* PBXContainerItemProxy */;
			sourceTree = BUILT_PRODUCTS_DIR;
		};
		6831A2E522DCAC0600EC2DDF /* KinSDKTests.xctest */ = {
			isa = PBXReferenceProxy;
			fileType = wrapper.cfbundle;
			path = KinSDKTests.xctest;
			remoteRef = 6831A2E422DCAC0600EC2DDF /* PBXContainerItemProxy */;
			sourceTree = BUILT_PRODUCTS_DIR;
		};
		6831A2E722DCAC0600EC2DDF /* KinSDKTestsHost.app */ = {
			isa = PBXReferenceProxy;
			fileType = wrapper.application;
			path = KinSDKTestsHost.app;
			remoteRef = 6831A2E622DCAC0600EC2DDF /* PBXContainerItemProxy */;
			sourceTree = BUILT_PRODUCTS_DIR;
		};
/* End PBXReferenceProxy section */

/* Begin PBXResourcesBuildPhase section */
		68005A7F2206FFFB004F791A /* Resources */ = {
			isa = PBXResourcesBuildPhase;
			buildActionMask = 2147483647;
			files = (
				6831A13822DCA04E00EC2DDF /* Assets.xcassets in Resources */,
				6831A13A22DCA04E00EC2DDF /* Localizable.strings in Resources */,
			);
			runOnlyForDeploymentPostprocessing = 0;
		};
		68005A882206FFFB004F791A /* Resources */ = {
			isa = PBXResourcesBuildPhase;
			buildActionMask = 2147483647;
			files = (
			);
			runOnlyForDeploymentPostprocessing = 0;
		};
		6804B124224A08C900208AE0 /* Resources */ = {
			isa = PBXResourcesBuildPhase;
			buildActionMask = 2147483647;
			files = (
				6804B133224A08CA00208AE0 /* LaunchScreen.storyboard in Resources */,
				6804B130224A08CA00208AE0 /* Assets.xcassets in Resources */,
				6804B12E224A08C900208AE0 /* Main.storyboard in Resources */,
			);
			runOnlyForDeploymentPostprocessing = 0;
		};
/* End PBXResourcesBuildPhase section */

/* Begin PBXShellScriptBuildPhase section */
		711AD00C3A256C8895621402 /* [CP] Embed Pods Frameworks */ = {
			isa = PBXShellScriptBuildPhase;
			buildActionMask = 2147483647;
			files = (
			);
			inputFileListPaths = (
			);
			inputPaths = (
				"${PODS_ROOT}/Target Support Files/Pods-KinBackupRestoreModuleTests/Pods-KinBackupRestoreModuleTests-frameworks.sh",
				"${BUILT_PRODUCTS_DIR}/KinSDK/KinSDK.framework",
				"${BUILT_PRODUCTS_DIR}/KinUtil/KinUtil.framework",
				"${BUILT_PRODUCTS_DIR}/Sodium/Sodium.framework",
			);
			name = "[CP] Embed Pods Frameworks";
			outputFileListPaths = (
			);
			outputPaths = (
				"${TARGET_BUILD_DIR}/${FRAMEWORKS_FOLDER_PATH}/KinSDK.framework",
				"${TARGET_BUILD_DIR}/${FRAMEWORKS_FOLDER_PATH}/KinUtil.framework",
				"${TARGET_BUILD_DIR}/${FRAMEWORKS_FOLDER_PATH}/Sodium.framework",
			);
			runOnlyForDeploymentPostprocessing = 0;
			shellPath = /bin/sh;
			shellScript = "\"${PODS_ROOT}/Target Support Files/Pods-KinBackupRestoreModuleTests/Pods-KinBackupRestoreModuleTests-frameworks.sh\"\n";
			showEnvVarsInLog = 0;
		};
		7D5FDAF395D35D82CED5D91F /* [CP] Check Pods Manifest.lock */ = {
			isa = PBXShellScriptBuildPhase;
			buildActionMask = 2147483647;
			files = (
			);
			inputFileListPaths = (
			);
			inputPaths = (
				"${PODS_PODFILE_DIR_PATH}/Podfile.lock",
				"${PODS_ROOT}/Manifest.lock",
			);
			name = "[CP] Check Pods Manifest.lock";
			outputFileListPaths = (
			);
			outputPaths = (
				"$(DERIVED_FILE_DIR)/Pods-KinBackupRestoreModuleTests-checkManifestLockResult.txt",
			);
			runOnlyForDeploymentPostprocessing = 0;
			shellPath = /bin/sh;
			shellScript = "diff \"${PODS_PODFILE_DIR_PATH}/Podfile.lock\" \"${PODS_ROOT}/Manifest.lock\" > /dev/null\nif [ $? != 0 ] ; then\n    # print error to STDERR\n    echo \"error: The sandbox is not in sync with the Podfile.lock. Run 'pod install' or update your CocoaPods installation.\" >&2\n    exit 1\nfi\n# This output is used by Xcode 'outputs' to avoid re-running this script phase.\necho \"SUCCESS\" > \"${SCRIPT_OUTPUT_FILE_0}\"\n";
			showEnvVarsInLog = 0;
		};
/* End PBXShellScriptBuildPhase section */

/* Begin PBXSourcesBuildPhase section */
		68005A7D2206FFFB004F791A /* Sources */ = {
			isa = PBXSourcesBuildPhase;
			buildActionMask = 2147483647;
			files = (
				6863164322EF0AE100C71132 /* CGGeometry+Appearance.swift in Sources */,
				6863164722EF0AE100C71132 /* UIFont+PreferredFont.swift in Sources */,
				6863162B22EF0AAD00C71132 /* RestoreFlowController.swift in Sources */,
				6863162522EF0AAD00C71132 /* RoundButton.swift in Sources */,
				6831A15B22DCA04E00EC2DDF /* KinBackupRestoreManager.swift in Sources */,
				6863162A22EF0AAD00C71132 /* BackupFlowController.swift in Sources */,
				6863164122EF0AE100C71132 /* Notification+Convenience.swift in Sources */,
				6863163022EF0AAD00C71132 /* PasswordEntryViewController.swift in Sources */,
				6863162C22EF0AAD00C71132 /* FlowController.swift in Sources */,
				6863163722EF0AAD00C71132 /* RestoreIntroViewController.swift in Sources */,
				6863162E22EF0AAD00C71132 /* PasswordTextField.swift in Sources */,
				6863163322EF0AAD00C71132 /* KinViewController.swift in Sources */,
				6863163122EF0AAD00C71132 /* CheckboxImageView.swift in Sources */,
				6863162222EF0AAD00C71132 /* QRView.swift in Sources */,
				6863162822EF0AAD00C71132 /* RestoreViewController.swift in Sources */,
				6863162922EF0AAD00C71132 /* BackupCompletedViewController.swift in Sources */,
				6863162D22EF0AAD00C71132 /* KeyboardAdjustingScrollView.swift in Sources */,
				6863162422EF0AAD00C71132 /* PasswordLabel.swift in Sources */,
				6831A13922DCA04E00EC2DDF /* KinBackupRestoreError.swift in Sources */,
				6863162622EF0AAD00C71132 /* ConfirmButton.swift in Sources */,
				6863164622EF0AE100C71132 /* UIColor+Appearance.swift in Sources */,
				6863164522EF0AE100C71132 /* String+Localization.swift in Sources */,
				6863162322EF0AAD00C71132 /* QRViewController.swift in Sources */,
				6863163222EF0AAD00C71132 /* Animations.swift in Sources */,
				6863164222EF0AE100C71132 /* Bundle+BackupRestore.swift in Sources */,
				6863163522EF0AAD00C71132 /* ExplanationTemplateView.swift in Sources */,
				6831A15A22DCA04E00EC2DDF /* LifeCycleProtocol.swift in Sources */,
				6863162F22EF0AAD00C71132 /* PasswordEntryView.swift in Sources */,
				6831A14122DCA04E00EC2DDF /* QR.swift in Sources */,
				6863164422EF0AE100C71132 /* NSAttributedString+AttributedStrings.swift in Sources */,
				6863163622EF0AAD00C71132 /* BackupIntroViewController.swift in Sources */,
				6863163922EF0AC900C71132 /* Appearance.swift in Sources */,
				6831A13722DCA04E00EC2DDF /* KinBackupRestoreBI.swift in Sources */,
				6831A14022DCA04E00EC2DDF /* Password.swift in Sources */,
				6863162722EF0AAD00C71132 /* RestoreView.swift in Sources */,
				6863162122EF0AAD00C71132 /* QRPickerController.swift in Sources */,
				6863163422EF0AAD00C71132 /* ExplanationTemplateViewController.swift in Sources */,
			);
			runOnlyForDeploymentPostprocessing = 0;
		};
		68005A862206FFFB004F791A /* Sources */ = {
			isa = PBXSourcesBuildPhase;
			buildActionMask = 2147483647;
			files = (
				6804B140224A1D9E00208AE0 /* PasswordTests.swift in Sources */,
				6804B13B224A145200208AE0 /* QRTests.swift in Sources */,
				68005A902206FFFB004F791A /* KinBackupRestoreModuleTests.swift in Sources */,
			);
			runOnlyForDeploymentPostprocessing = 0;
		};
		6804B122224A08C900208AE0 /* Sources */ = {
			isa = PBXSourcesBuildPhase;
			buildActionMask = 2147483647;
			files = (
				6804B12B224A08C900208AE0 /* ViewController.swift in Sources */,
				6804B129224A08C900208AE0 /* AppDelegate.swift in Sources */,
			);
			runOnlyForDeploymentPostprocessing = 0;
		};
/* End PBXSourcesBuildPhase section */

/* Begin PBXTargetDependency section */
		68005A8D2206FFFB004F791A /* PBXTargetDependency */ = {
			isa = PBXTargetDependency;
			target = 68005A802206FFFB004F791A /* KinBackupRestoreModule */;
			targetProxy = 68005A8C2206FFFB004F791A /* PBXContainerItemProxy */;
		};
		6804B139224A08D200208AE0 /* PBXTargetDependency */ = {
			isa = PBXTargetDependency;
			target = 6804B125224A08C900208AE0 /* KinBackupRestoreModuleTestsHost */;
			targetProxy = 6804B138224A08D200208AE0 /* PBXContainerItemProxy */;
		};
/* End PBXTargetDependency section */

/* Begin PBXVariantGroup section */
		6804B12C224A08C900208AE0 /* Main.storyboard */ = {
			isa = PBXVariantGroup;
			children = (
				6804B12D224A08C900208AE0 /* Base */,
			);
			name = Main.storyboard;
			sourceTree = "<group>";
		};
		6804B131224A08CA00208AE0 /* LaunchScreen.storyboard */ = {
			isa = PBXVariantGroup;
			children = (
				6804B132224A08CA00208AE0 /* Base */,
			);
			name = LaunchScreen.storyboard;
			sourceTree = "<group>";
		};
/* End PBXVariantGroup section */

/* Begin XCBuildConfiguration section */
		68005A932206FFFB004F791A /* Debug */ = {
			isa = XCBuildConfiguration;
			buildSettings = {
				ALWAYS_SEARCH_USER_PATHS = NO;
				CLANG_ANALYZER_NONNULL = YES;
				CLANG_ANALYZER_NUMBER_OBJECT_CONVERSION = YES_AGGRESSIVE;
				CLANG_CXX_LANGUAGE_STANDARD = "gnu++14";
				CLANG_CXX_LIBRARY = "libc++";
				CLANG_ENABLE_MODULES = YES;
				CLANG_ENABLE_OBJC_ARC = YES;
				CLANG_ENABLE_OBJC_WEAK = YES;
				CLANG_WARN_BLOCK_CAPTURE_AUTORELEASING = YES;
				CLANG_WARN_BOOL_CONVERSION = YES;
				CLANG_WARN_COMMA = YES;
				CLANG_WARN_CONSTANT_CONVERSION = YES;
				CLANG_WARN_DEPRECATED_OBJC_IMPLEMENTATIONS = YES;
				CLANG_WARN_DIRECT_OBJC_ISA_USAGE = YES_ERROR;
				CLANG_WARN_DOCUMENTATION_COMMENTS = YES;
				CLANG_WARN_EMPTY_BODY = YES;
				CLANG_WARN_ENUM_CONVERSION = YES;
				CLANG_WARN_INFINITE_RECURSION = YES;
				CLANG_WARN_INT_CONVERSION = YES;
				CLANG_WARN_NON_LITERAL_NULL_CONVERSION = YES;
				CLANG_WARN_OBJC_IMPLICIT_RETAIN_SELF = YES;
				CLANG_WARN_OBJC_LITERAL_CONVERSION = YES;
				CLANG_WARN_OBJC_ROOT_CLASS = YES_ERROR;
				CLANG_WARN_RANGE_LOOP_ANALYSIS = YES;
				CLANG_WARN_STRICT_PROTOTYPES = YES;
				CLANG_WARN_SUSPICIOUS_MOVE = YES;
				CLANG_WARN_UNGUARDED_AVAILABILITY = YES_AGGRESSIVE;
				CLANG_WARN_UNREACHABLE_CODE = YES;
				CLANG_WARN__DUPLICATE_METHOD_MATCH = YES;
				CODE_SIGN_IDENTITY = "iPhone Developer";
				COPY_PHASE_STRIP = NO;
				CURRENT_PROJECT_VERSION = 1;
				DEBUG_INFORMATION_FORMAT = dwarf;
				ENABLE_STRICT_OBJC_MSGSEND = YES;
				ENABLE_TESTABILITY = YES;
				GCC_C_LANGUAGE_STANDARD = gnu11;
				GCC_DYNAMIC_NO_PIC = NO;
				GCC_NO_COMMON_BLOCKS = YES;
				GCC_OPTIMIZATION_LEVEL = 0;
				GCC_PREPROCESSOR_DEFINITIONS = (
					"DEBUG=1",
					"$(inherited)",
				);
				GCC_WARN_64_TO_32_BIT_CONVERSION = YES;
				GCC_WARN_ABOUT_RETURN_TYPE = YES_ERROR;
				GCC_WARN_UNDECLARED_SELECTOR = YES;
				GCC_WARN_UNINITIALIZED_AUTOS = YES_AGGRESSIVE;
				GCC_WARN_UNUSED_FUNCTION = YES;
				GCC_WARN_UNUSED_VARIABLE = YES;
				IPHONEOS_DEPLOYMENT_TARGET = 12.1;
				MTL_ENABLE_DEBUG_INFO = INCLUDE_SOURCE;
				MTL_FAST_MATH = YES;
				ONLY_ACTIVE_ARCH = YES;
				SDKROOT = iphoneos;
				SWIFT_ACTIVE_COMPILATION_CONDITIONS = DEBUG;
				SWIFT_OPTIMIZATION_LEVEL = "-Onone";
				VERSIONING_SYSTEM = "apple-generic";
				VERSION_INFO_PREFIX = "";
			};
			name = Debug;
		};
		68005A942206FFFB004F791A /* Release */ = {
			isa = XCBuildConfiguration;
			buildSettings = {
				ALWAYS_SEARCH_USER_PATHS = NO;
				CLANG_ANALYZER_NONNULL = YES;
				CLANG_ANALYZER_NUMBER_OBJECT_CONVERSION = YES_AGGRESSIVE;
				CLANG_CXX_LANGUAGE_STANDARD = "gnu++14";
				CLANG_CXX_LIBRARY = "libc++";
				CLANG_ENABLE_MODULES = YES;
				CLANG_ENABLE_OBJC_ARC = YES;
				CLANG_ENABLE_OBJC_WEAK = YES;
				CLANG_WARN_BLOCK_CAPTURE_AUTORELEASING = YES;
				CLANG_WARN_BOOL_CONVERSION = YES;
				CLANG_WARN_COMMA = YES;
				CLANG_WARN_CONSTANT_CONVERSION = YES;
				CLANG_WARN_DEPRECATED_OBJC_IMPLEMENTATIONS = YES;
				CLANG_WARN_DIRECT_OBJC_ISA_USAGE = YES_ERROR;
				CLANG_WARN_DOCUMENTATION_COMMENTS = YES;
				CLANG_WARN_EMPTY_BODY = YES;
				CLANG_WARN_ENUM_CONVERSION = YES;
				CLANG_WARN_INFINITE_RECURSION = YES;
				CLANG_WARN_INT_CONVERSION = YES;
				CLANG_WARN_NON_LITERAL_NULL_CONVERSION = YES;
				CLANG_WARN_OBJC_IMPLICIT_RETAIN_SELF = YES;
				CLANG_WARN_OBJC_LITERAL_CONVERSION = YES;
				CLANG_WARN_OBJC_ROOT_CLASS = YES_ERROR;
				CLANG_WARN_RANGE_LOOP_ANALYSIS = YES;
				CLANG_WARN_STRICT_PROTOTYPES = YES;
				CLANG_WARN_SUSPICIOUS_MOVE = YES;
				CLANG_WARN_UNGUARDED_AVAILABILITY = YES_AGGRESSIVE;
				CLANG_WARN_UNREACHABLE_CODE = YES;
				CLANG_WARN__DUPLICATE_METHOD_MATCH = YES;
				CODE_SIGN_IDENTITY = "iPhone Developer";
				COPY_PHASE_STRIP = NO;
				CURRENT_PROJECT_VERSION = 1;
				DEBUG_INFORMATION_FORMAT = "dwarf-with-dsym";
				ENABLE_NS_ASSERTIONS = NO;
				ENABLE_STRICT_OBJC_MSGSEND = YES;
				GCC_C_LANGUAGE_STANDARD = gnu11;
				GCC_NO_COMMON_BLOCKS = YES;
				GCC_WARN_64_TO_32_BIT_CONVERSION = YES;
				GCC_WARN_ABOUT_RETURN_TYPE = YES_ERROR;
				GCC_WARN_UNDECLARED_SELECTOR = YES;
				GCC_WARN_UNINITIALIZED_AUTOS = YES_AGGRESSIVE;
				GCC_WARN_UNUSED_FUNCTION = YES;
				GCC_WARN_UNUSED_VARIABLE = YES;
				IPHONEOS_DEPLOYMENT_TARGET = 12.1;
				MTL_ENABLE_DEBUG_INFO = NO;
				MTL_FAST_MATH = YES;
				SDKROOT = iphoneos;
				SWIFT_COMPILATION_MODE = wholemodule;
				SWIFT_OPTIMIZATION_LEVEL = "-O";
				VALIDATE_PRODUCT = YES;
				VERSIONING_SYSTEM = "apple-generic";
				VERSION_INFO_PREFIX = "";
			};
			name = Release;
		};
		68005A962206FFFB004F791A /* Debug */ = {
			isa = XCBuildConfiguration;
			buildSettings = {
				CLANG_ENABLE_MODULES = YES;
				CODE_SIGN_IDENTITY = "";
				CODE_SIGN_STYLE = Automatic;
				DEFINES_MODULE = YES;
				DYLIB_COMPATIBILITY_VERSION = 1;
				DYLIB_CURRENT_VERSION = 1;
				DYLIB_INSTALL_NAME_BASE = "@rpath";
				INFOPLIST_FILE = KinBackupRestoreModule/Info.plist;
				INSTALL_PATH = "$(LOCAL_LIBRARY_DIR)/Frameworks";
				IPHONEOS_DEPLOYMENT_TARGET = 9.0;
				LD_RUNPATH_SEARCH_PATHS = (
					"$(inherited)",
					"@executable_path/Frameworks",
					"@loader_path/Frameworks",
				);
				PRODUCT_BUNDLE_IDENTIFIER = com.kinfoundation.KinBackupRestoreModule;
				PRODUCT_NAME = "$(TARGET_NAME:c99extidentifier)";
				SKIP_INSTALL = YES;
				SWIFT_OPTIMIZATION_LEVEL = "-Onone";
				SWIFT_VERSION = 4.2;
				TARGETED_DEVICE_FAMILY = "1,2";
			};
			name = Debug;
		};
		68005A972206FFFB004F791A /* Release */ = {
			isa = XCBuildConfiguration;
			buildSettings = {
				CLANG_ENABLE_MODULES = YES;
				CODE_SIGN_IDENTITY = "";
				CODE_SIGN_STYLE = Automatic;
				DEFINES_MODULE = YES;
				DYLIB_COMPATIBILITY_VERSION = 1;
				DYLIB_CURRENT_VERSION = 1;
				DYLIB_INSTALL_NAME_BASE = "@rpath";
				INFOPLIST_FILE = KinBackupRestoreModule/Info.plist;
				INSTALL_PATH = "$(LOCAL_LIBRARY_DIR)/Frameworks";
				IPHONEOS_DEPLOYMENT_TARGET = 9.0;
				LD_RUNPATH_SEARCH_PATHS = (
					"$(inherited)",
					"@executable_path/Frameworks",
					"@loader_path/Frameworks",
				);
				PRODUCT_BUNDLE_IDENTIFIER = com.kinfoundation.KinBackupRestoreModule;
				PRODUCT_NAME = "$(TARGET_NAME:c99extidentifier)";
				SKIP_INSTALL = YES;
				SWIFT_VERSION = 4.2;
				TARGETED_DEVICE_FAMILY = "1,2";
			};
			name = Release;
		};
		68005A992206FFFB004F791A /* Debug */ = {
			isa = XCBuildConfiguration;
			buildSettings = {
				ALWAYS_EMBED_SWIFT_STANDARD_LIBRARIES = YES;
				CODE_SIGN_STYLE = Automatic;
				INFOPLIST_FILE = KinBackupRestoreModuleTests/Info.plist;
				LD_RUNPATH_SEARCH_PATHS = (
					"$(inherited)",
					"@executable_path/Frameworks",
					"@loader_path/Frameworks",
				);
				PRODUCT_BUNDLE_IDENTIFIER = com.kinfoundation.KinBackupRestoreModuleTests;
				PRODUCT_NAME = "$(TARGET_NAME)";
				SWIFT_VERSION = 4.2;
				TARGETED_DEVICE_FAMILY = "1,2";
				TEST_HOST = "$(BUILT_PRODUCTS_DIR)/KinBackupRestoreModuleTestsHost.app/KinBackupRestoreModuleTestsHost";
			};
			name = Debug;
		};
		68005A9A2206FFFB004F791A /* Release */ = {
			isa = XCBuildConfiguration;
			buildSettings = {
				ALWAYS_EMBED_SWIFT_STANDARD_LIBRARIES = YES;
				CODE_SIGN_STYLE = Automatic;
				INFOPLIST_FILE = KinBackupRestoreModuleTests/Info.plist;
				LD_RUNPATH_SEARCH_PATHS = (
					"$(inherited)",
					"@executable_path/Frameworks",
					"@loader_path/Frameworks",
				);
				PRODUCT_BUNDLE_IDENTIFIER = com.kinfoundation.KinBackupRestoreModuleTests;
				PRODUCT_NAME = "$(TARGET_NAME)";
				SWIFT_VERSION = 4.2;
				TARGETED_DEVICE_FAMILY = "1,2";
				TEST_HOST = "$(BUILT_PRODUCTS_DIR)/KinBackupRestoreModuleTestsHost.app/KinBackupRestoreModuleTestsHost";
			};
			name = Release;
		};
		6804B136224A08CA00208AE0 /* Debug */ = {
			isa = XCBuildConfiguration;
			buildSettings = {
				ASSETCATALOG_COMPILER_APPICON_NAME = AppIcon;
				CODE_SIGN_STYLE = Automatic;
				INFOPLIST_FILE = KinBackupRestoreModuleTestsHost/Info.plist;
				LD_RUNPATH_SEARCH_PATHS = (
					"$(inherited)",
					"@executable_path/Frameworks",
				);
				PRODUCT_BUNDLE_IDENTIFIER = com.kinfoundation.KinBackupRestoreModuleTestsHost;
				PRODUCT_NAME = "$(TARGET_NAME)";
				SWIFT_VERSION = 4.2;
				TARGETED_DEVICE_FAMILY = "1,2";
			};
			name = Debug;
		};
		6804B137224A08CA00208AE0 /* Release */ = {
			isa = XCBuildConfiguration;
			buildSettings = {
				ASSETCATALOG_COMPILER_APPICON_NAME = AppIcon;
				CODE_SIGN_STYLE = Automatic;
				INFOPLIST_FILE = KinBackupRestoreModuleTestsHost/Info.plist;
				LD_RUNPATH_SEARCH_PATHS = (
					"$(inherited)",
					"@executable_path/Frameworks",
				);
				PRODUCT_BUNDLE_IDENTIFIER = com.kinfoundation.KinBackupRestoreModuleTestsHost;
				PRODUCT_NAME = "$(TARGET_NAME)";
				SWIFT_VERSION = 4.2;
				TARGETED_DEVICE_FAMILY = "1,2";
			};
			name = Release;
		};
/* End XCBuildConfiguration section */

/* Begin XCConfigurationList section */
		68005A7B2206FFFB004F791A /* Build configuration list for PBXProject "KinBackupRestoreModule" */ = {
			isa = XCConfigurationList;
			buildConfigurations = (
				68005A932206FFFB004F791A /* Debug */,
				68005A942206FFFB004F791A /* Release */,
			);
			defaultConfigurationIsVisible = 0;
			defaultConfigurationName = Release;
		};
		68005A952206FFFB004F791A /* Build configuration list for PBXNativeTarget "KinBackupRestoreModule" */ = {
			isa = XCConfigurationList;
			buildConfigurations = (
				68005A962206FFFB004F791A /* Debug */,
				68005A972206FFFB004F791A /* Release */,
			);
			defaultConfigurationIsVisible = 0;
			defaultConfigurationName = Release;
		};
		68005A982206FFFB004F791A /* Build configuration list for PBXNativeTarget "KinBackupRestoreModuleTests" */ = {
			isa = XCConfigurationList;
			buildConfigurations = (
				68005A992206FFFB004F791A /* Debug */,
				68005A9A2206FFFB004F791A /* Release */,
			);
			defaultConfigurationIsVisible = 0;
			defaultConfigurationName = Release;
		};
		6804B135224A08CA00208AE0 /* Build configuration list for PBXNativeTarget "KinBackupRestoreModuleTestsHost" */ = {
			isa = XCConfigurationList;
			buildConfigurations = (
				6804B136224A08CA00208AE0 /* Debug */,
				6804B137224A08CA00208AE0 /* Release */,
			);
			defaultConfigurationIsVisible = 0;
			defaultConfigurationName = Release;
		};
/* End XCConfigurationList section */
	};
	rootObject = 68005A782206FFFB004F791A /* Project object */;
}
